// !$*UTF8*$!
{
	archiveVersion = 1;
	classes = {
	};
	objectVersion = 46;
	objects = {

/* Begin PBXBuildFile section */
		BE13FBE01DDD17C70041FCFF /* Controller.swift in Sources */ = {isa = PBXBuildFile; fileRef = BE13FBDF1DDD17C70041FCFF /* Controller.swift */; };
		BE13FBE21DDD17C70041FCFF /* Assets.xcassets in Resources */ = {isa = PBXBuildFile; fileRef = BE13FBE11DDD17C70041FCFF /* Assets.xcassets */; };
		BE13FBE51DDD17C70041FCFF /* MainMenu.xib in Resources */ = {isa = PBXBuildFile; fileRef = BE13FBE31DDD17C70041FCFF /* MainMenu.xib */; };
		BE2200611DF210E700B2DBFC /* Math.swift in Sources */ = {isa = PBXBuildFile; fileRef = BE2200601DF210E700B2DBFC /* Math.swift */; };
		BE73C5A11DDD19C8002AAD65 /* MetalView.swift in Sources */ = {isa = PBXBuildFile; fileRef = BE73C5A01DDD19C8002AAD65 /* MetalView.swift */; };
		BE73C5A31DDD1A90002AAD65 /* Shaders.metal in Sources */ = {isa = PBXBuildFile; fileRef = BE73C5A21DDD1A90002AAD65 /* Shaders.metal */; };
		BE947ED11DF627EA00112978 /* CppLink.cpp in Sources */ = {isa = PBXBuildFile; fileRef = BE947ECF1DF627EA00112978 /* CppLink.cpp */; };
		BE947ED71DF6284A00112978 /* libboost_system-mt.dylib in Frameworks */ = {isa = PBXBuildFile; fileRef = BE947ED31DF6284A00112978 /* libboost_system-mt.dylib */; };
		BE947ED81DF6284A00112978 /* libboost_thread-mt.dylib in Frameworks */ = {isa = PBXBuildFile; fileRef = BE947ED41DF6284A00112978 /* libboost_thread-mt.dylib */; };
		BE947ED91DF6284A00112978 /* libCGAL_Core.12.0.0.dylib in Frameworks */ = {isa = PBXBuildFile; fileRef = BE947ED51DF6284A00112978 /* libCGAL_Core.12.0.0.dylib */; };
		BE947EDA1DF6284A00112978 /* libCGAL.12.0.0.dylib in Frameworks */ = {isa = PBXBuildFile; fileRef = BE947ED61DF6284A00112978 /* libCGAL.12.0.0.dylib */; };
		BE947EDD1DF6285C00112978 /* libgmp.10.dylib in Frameworks */ = {isa = PBXBuildFile; fileRef = BE947EDB1DF6285C00112978 /* libgmp.10.dylib */; };
		BE947EDE1DF6285C00112978 /* libmpfr.4.dylib in Frameworks */ = {isa = PBXBuildFile; fileRef = BE947EDC1DF6285C00112978 /* libmpfr.4.dylib */; };
		BE947EE01DF62DD200112978 /* CppLinkWrapperWrapper.mm in Sources */ = {isa = PBXBuildFile; fileRef = BE947EDF1DF62DD200112978 /* CppLinkWrapperWrapper.mm */; };
/* End PBXBuildFile section */

/* Begin PBXFileReference section */
		BE13FBDC1DDD17C70041FCFF /* azul4d.app */ = {isa = PBXFileReference; explicitFileType = wrapper.application; includeInIndex = 0; path = azul4d.app; sourceTree = BUILT_PRODUCTS_DIR; };
		BE13FBDF1DDD17C70041FCFF /* Controller.swift */ = {isa = PBXFileReference; lastKnownFileType = sourcecode.swift; path = Controller.swift; sourceTree = "<group>"; };
		BE13FBE11DDD17C70041FCFF /* Assets.xcassets */ = {isa = PBXFileReference; lastKnownFileType = folder.assetcatalog; path = Assets.xcassets; sourceTree = "<group>"; };
		BE13FBE41DDD17C70041FCFF /* Base */ = {isa = PBXFileReference; lastKnownFileType = file.xib; name = Base; path = Base.lproj/MainMenu.xib; sourceTree = "<group>"; };
		BE13FBE61DDD17C70041FCFF /* Info.plist */ = {isa = PBXFileReference; lastKnownFileType = text.plist.xml; path = Info.plist; sourceTree = "<group>"; };
		BE2200601DF210E700B2DBFC /* Math.swift */ = {isa = PBXFileReference; fileEncoding = 4; lastKnownFileType = sourcecode.swift; path = Math.swift; sourceTree = "<group>"; };
		BE73C5A01DDD19C8002AAD65 /* MetalView.swift */ = {isa = PBXFileReference; fileEncoding = 4; lastKnownFileType = sourcecode.swift; path = MetalView.swift; sourceTree = "<group>"; };
		BE73C5A21DDD1A90002AAD65 /* Shaders.metal */ = {isa = PBXFileReference; fileEncoding = 4; lastKnownFileType = sourcecode.metal; path = Shaders.metal; sourceTree = "<group>"; };
		BE947ECE1DF627EA00112978 /* azul4d-Bridging-Header.h */ = {isa = PBXFileReference; lastKnownFileType = sourcecode.c.h; path = "azul4d-Bridging-Header.h"; sourceTree = "<group>"; };
		BE947ECF1DF627EA00112978 /* CppLink.cpp */ = {isa = PBXFileReference; fileEncoding = 4; lastKnownFileType = sourcecode.cpp.cpp; path = CppLink.cpp; sourceTree = "<group>"; };
		BE947ED01DF627EA00112978 /* CppLink.hpp */ = {isa = PBXFileReference; fileEncoding = 4; lastKnownFileType = sourcecode.cpp.h; path = CppLink.hpp; sourceTree = "<group>"; };
		BE947ED31DF6284A00112978 /* libboost_system-mt.dylib */ = {isa = PBXFileReference; lastKnownFileType = "compiled.mach-o.dylib"; name = "libboost_system-mt.dylib"; path = "../../../../usr/local/Cellar/boost/1.62.0/lib/libboost_system-mt.dylib"; sourceTree = "<group>"; };
		BE947ED41DF6284A00112978 /* libboost_thread-mt.dylib */ = {isa = PBXFileReference; lastKnownFileType = "compiled.mach-o.dylib"; name = "libboost_thread-mt.dylib"; path = "../../../../usr/local/Cellar/boost/1.62.0/lib/libboost_thread-mt.dylib"; sourceTree = "<group>"; };
		BE947ED51DF6284A00112978 /* libCGAL_Core.12.0.0.dylib */ = {isa = PBXFileReference; lastKnownFileType = "compiled.mach-o.dylib"; name = libCGAL_Core.12.0.0.dylib; path = ../../../../usr/local/Cellar/cgal/4.9/lib/libCGAL_Core.12.0.0.dylib; sourceTree = "<group>"; };
		BE947ED61DF6284A00112978 /* libCGAL.12.0.0.dylib */ = {isa = PBXFileReference; lastKnownFileType = "compiled.mach-o.dylib"; name = libCGAL.12.0.0.dylib; path = ../../../../usr/local/Cellar/cgal/4.9/lib/libCGAL.12.0.0.dylib; sourceTree = "<group>"; };
		BE947EDB1DF6285C00112978 /* libgmp.10.dylib */ = {isa = PBXFileReference; lastKnownFileType = "compiled.mach-o.dylib"; name = libgmp.10.dylib; path = ../../../../usr/local/Cellar/gmp/6.1.1/lib/libgmp.10.dylib; sourceTree = "<group>"; };
		BE947EDC1DF6285C00112978 /* libmpfr.4.dylib */ = {isa = PBXFileReference; lastKnownFileType = "compiled.mach-o.dylib"; name = libmpfr.4.dylib; path = ../../../../usr/local/Cellar/mpfr/3.1.5/lib/libmpfr.4.dylib; sourceTree = "<group>"; };
		BE947EDF1DF62DD200112978 /* CppLinkWrapperWrapper.mm */ = {isa = PBXFileReference; fileEncoding = 4; lastKnownFileType = sourcecode.cpp.objcpp; path = CppLinkWrapperWrapper.mm; sourceTree = "<group>"; };
		BE947EE11DF62DE300112978 /* CppLinkWrapperWrapper.h */ = {isa = PBXFileReference; lastKnownFileType = sourcecode.c.h; path = CppLinkWrapperWrapper.h; sourceTree = "<group>"; };
/* End PBXFileReference section */

/* Begin PBXFrameworksBuildPhase section */
		BE13FBD91DDD17C70041FCFF /* Frameworks */ = {
			isa = PBXFrameworksBuildPhase;
			buildActionMask = 2147483647;
			files = (
				BE947EDD1DF6285C00112978 /* libgmp.10.dylib in Frameworks */,
				BE947EDE1DF6285C00112978 /* libmpfr.4.dylib in Frameworks */,
				BE947ED71DF6284A00112978 /* libboost_system-mt.dylib in Frameworks */,
				BE947ED81DF6284A00112978 /* libboost_thread-mt.dylib in Frameworks */,
				BE947ED91DF6284A00112978 /* libCGAL_Core.12.0.0.dylib in Frameworks */,
				BE947EDA1DF6284A00112978 /* libCGAL.12.0.0.dylib in Frameworks */,
			);
			runOnlyForDeploymentPostprocessing = 0;
		};
/* End PBXFrameworksBuildPhase section */

/* Begin PBXGroup section */
		BE13FBD31DDD17C70041FCFF = {
			isa = PBXGroup;
			children = (
				BE13FBDE1DDD17C70041FCFF /* azul4d */,
				BE13FBDD1DDD17C70041FCFF /* Products */,
				BE947ED21DF6284A00112978 /* Frameworks */,
			);
			sourceTree = "<group>";
		};
		BE13FBDD1DDD17C70041FCFF /* Products */ = {
			isa = PBXGroup;
			children = (
				BE13FBDC1DDD17C70041FCFF /* azul4d.app */,
			);
			name = Products;
			sourceTree = "<group>";
		};
		BE13FBDE1DDD17C70041FCFF /* azul4d */ = {
			isa = PBXGroup;
			children = (
				BE13FBDF1DDD17C70041FCFF /* Controller.swift */,
				BE73C5A21DDD1A90002AAD65 /* Shaders.metal */,
				BE73C5A01DDD19C8002AAD65 /* MetalView.swift */,
				BE2200601DF210E700B2DBFC /* Math.swift */,
				BE947EE11DF62DE300112978 /* CppLinkWrapperWrapper.h */,
				BE947EDF1DF62DD200112978 /* CppLinkWrapperWrapper.mm */,
				BE947ED01DF627EA00112978 /* CppLink.hpp */,
				BE947ECF1DF627EA00112978 /* CppLink.cpp */,
				BE947ECE1DF627EA00112978 /* azul4d-Bridging-Header.h */,
				BE13FBE11DDD17C70041FCFF /* Assets.xcassets */,
				BE13FBE31DDD17C70041FCFF /* MainMenu.xib */,
				BE13FBE61DDD17C70041FCFF /* Info.plist */,
			);
			path = azul4d;
			sourceTree = "<group>";
		};
		BE947ED21DF6284A00112978 /* Frameworks */ = {
			isa = PBXGroup;
			children = (
				BE947EDB1DF6285C00112978 /* libgmp.10.dylib */,
				BE947EDC1DF6285C00112978 /* libmpfr.4.dylib */,
				BE947ED31DF6284A00112978 /* libboost_system-mt.dylib */,
				BE947ED41DF6284A00112978 /* libboost_thread-mt.dylib */,
				BE947ED51DF6284A00112978 /* libCGAL_Core.12.0.0.dylib */,
				BE947ED61DF6284A00112978 /* libCGAL.12.0.0.dylib */,
			);
			name = Frameworks;
			sourceTree = "<group>";
		};
/* End PBXGroup section */

/* Begin PBXNativeTarget section */
		BE13FBDB1DDD17C70041FCFF /* azul4d */ = {
			isa = PBXNativeTarget;
			buildConfigurationList = BE13FBE91DDD17C70041FCFF /* Build configuration list for PBXNativeTarget "azul4d" */;
			buildPhases = (
				BE13FBD81DDD17C70041FCFF /* Sources */,
				BE13FBD91DDD17C70041FCFF /* Frameworks */,
				BE13FBDA1DDD17C70041FCFF /* Resources */,
			);
			buildRules = (
			);
			dependencies = (
			);
			name = azul4d;
			productName = azul4d;
			productReference = BE13FBDC1DDD17C70041FCFF /* azul4d.app */;
			productType = "com.apple.product-type.application";
		};
/* End PBXNativeTarget section */

/* Begin PBXProject section */
		BE13FBD41DDD17C70041FCFF /* Project object */ = {
			isa = PBXProject;
			attributes = {
				LastSwiftUpdateCheck = 0810;
				LastUpgradeCheck = 0820;
				ORGANIZATIONNAME = "Ken Arroyo Ohori";
				TargetAttributes = {
					BE13FBDB1DDD17C70041FCFF = {
						CreatedOnToolsVersion = 8.1;
						DevelopmentTeam = UD3V83TPY7;
						LastSwiftMigration = 0810;
						ProvisioningStyle = Automatic;
					};
				};
			};
			buildConfigurationList = BE13FBD71DDD17C70041FCFF /* Build configuration list for PBXProject "azul4d" */;
			compatibilityVersion = "Xcode 3.2";
			developmentRegion = English;
			hasScannedForEncodings = 0;
			knownRegions = (
				en,
				Base,
			);
			mainGroup = BE13FBD31DDD17C70041FCFF;
			productRefGroup = BE13FBDD1DDD17C70041FCFF /* Products */;
			projectDirPath = "";
			projectRoot = "";
			targets = (
				BE13FBDB1DDD17C70041FCFF /* azul4d */,
			);
		};
/* End PBXProject section */

/* Begin PBXResourcesBuildPhase section */
		BE13FBDA1DDD17C70041FCFF /* Resources */ = {
			isa = PBXResourcesBuildPhase;
			buildActionMask = 2147483647;
			files = (
				BE13FBE21DDD17C70041FCFF /* Assets.xcassets in Resources */,
				BE13FBE51DDD17C70041FCFF /* MainMenu.xib in Resources */,
			);
			runOnlyForDeploymentPostprocessing = 0;
		};
/* End PBXResourcesBuildPhase section */

/* Begin PBXSourcesBuildPhase section */
		BE13FBD81DDD17C70041FCFF /* Sources */ = {
			isa = PBXSourcesBuildPhase;
			buildActionMask = 2147483647;
			files = (
				BE73C5A31DDD1A90002AAD65 /* Shaders.metal in Sources */,
				BE947EE01DF62DD200112978 /* CppLinkWrapperWrapper.mm in Sources */,
				BE73C5A11DDD19C8002AAD65 /* MetalView.swift in Sources */,
				BE13FBE01DDD17C70041FCFF /* Controller.swift in Sources */,
				BE2200611DF210E700B2DBFC /* Math.swift in Sources */,
				BE947ED11DF627EA00112978 /* CppLink.cpp in Sources */,
			);
			runOnlyForDeploymentPostprocessing = 0;
		};
/* End PBXSourcesBuildPhase section */

/* Begin PBXVariantGroup section */
		BE13FBE31DDD17C70041FCFF /* MainMenu.xib */ = {
			isa = PBXVariantGroup;
			children = (
				BE13FBE41DDD17C70041FCFF /* Base */,
			);
			name = MainMenu.xib;
			sourceTree = "<group>";
		};
/* End PBXVariantGroup section */

/* Begin XCBuildConfiguration section */
		BE13FBE71DDD17C70041FCFF /* Debug */ = {
			isa = XCBuildConfiguration;
			buildSettings = {
				ALWAYS_SEARCH_USER_PATHS = NO;
				CLANG_ANALYZER_NONNULL = YES;
				CLANG_CXX_LANGUAGE_STANDARD = "gnu++0x";
				CLANG_CXX_LIBRARY = "libc++";
				CLANG_ENABLE_MODULES = YES;
				CLANG_ENABLE_OBJC_ARC = YES;
				CLANG_WARN_BOOL_CONVERSION = YES;
				CLANG_WARN_CONSTANT_CONVERSION = YES;
				CLANG_WARN_DIRECT_OBJC_ISA_USAGE = YES_ERROR;
				CLANG_WARN_DOCUMENTATION_COMMENTS = YES;
				CLANG_WARN_EMPTY_BODY = YES;
				CLANG_WARN_ENUM_CONVERSION = YES;
				CLANG_WARN_INFINITE_RECURSION = YES;
				CLANG_WARN_INT_CONVERSION = YES;
				CLANG_WARN_OBJC_ROOT_CLASS = YES_ERROR;
				CLANG_WARN_SUSPICIOUS_MOVE = YES;
				CLANG_WARN_SUSPICIOUS_MOVES = YES;
				CLANG_WARN_UNREACHABLE_CODE = YES;
				CLANG_WARN__DUPLICATE_METHOD_MATCH = YES;
				CODE_SIGN_IDENTITY = "-";
				COPY_PHASE_STRIP = NO;
				DEBUG_INFORMATION_FORMAT = dwarf;
				ENABLE_STRICT_OBJC_MSGSEND = YES;
				ENABLE_TESTABILITY = YES;
				GCC_C_LANGUAGE_STANDARD = gnu99;
				GCC_DYNAMIC_NO_PIC = NO;
				GCC_NO_COMMON_BLOCKS = YES;
				GCC_OPTIMIZATION_LEVEL = 0;
				GCC_PREPROCESSOR_DEFINITIONS = (
					"DEBUG=1",
					"$(inherited)",
				);
				GCC_WARN_64_TO_32_BIT_CONVERSION = YES;
				GCC_WARN_ABOUT_RETURN_TYPE = YES_ERROR;
				GCC_WARN_UNDECLARED_SELECTOR = YES;
				GCC_WARN_UNINITIALIZED_AUTOS = YES_AGGRESSIVE;
				GCC_WARN_UNUSED_FUNCTION = YES;
				GCC_WARN_UNUSED_VARIABLE = YES;
				MACOSX_DEPLOYMENT_TARGET = 10.12;
				MTL_ENABLE_DEBUG_INFO = YES;
				ONLY_ACTIVE_ARCH = YES;
				SDKROOT = macosx;
				SWIFT_ACTIVE_COMPILATION_CONDITIONS = DEBUG;
				SWIFT_OPTIMIZATION_LEVEL = "-Onone";
			};
			name = Debug;
		};
		BE13FBE81DDD17C70041FCFF /* Release */ = {
			isa = XCBuildConfiguration;
			buildSettings = {
				ALWAYS_SEARCH_USER_PATHS = NO;
				CLANG_ANALYZER_NONNULL = YES;
				CLANG_CXX_LANGUAGE_STANDARD = "gnu++0x";
				CLANG_CXX_LIBRARY = "libc++";
				CLANG_ENABLE_MODULES = YES;
				CLANG_ENABLE_OBJC_ARC = YES;
				CLANG_WARN_BOOL_CONVERSION = YES;
				CLANG_WARN_CONSTANT_CONVERSION = YES;
				CLANG_WARN_DIRECT_OBJC_ISA_USAGE = YES_ERROR;
				CLANG_WARN_DOCUMENTATION_COMMENTS = YES;
				CLANG_WARN_EMPTY_BODY = YES;
				CLANG_WARN_ENUM_CONVERSION = YES;
				CLANG_WARN_INFINITE_RECURSION = YES;
				CLANG_WARN_INT_CONVERSION = YES;
				CLANG_WARN_OBJC_ROOT_CLASS = YES_ERROR;
				CLANG_WARN_SUSPICIOUS_MOVE = YES;
				CLANG_WARN_SUSPICIOUS_MOVES = YES;
				CLANG_WARN_UNREACHABLE_CODE = YES;
				CLANG_WARN__DUPLICATE_METHOD_MATCH = YES;
				CODE_SIGN_IDENTITY = "-";
				COPY_PHASE_STRIP = NO;
				DEBUG_INFORMATION_FORMAT = "dwarf-with-dsym";
				ENABLE_NS_ASSERTIONS = NO;
				ENABLE_STRICT_OBJC_MSGSEND = YES;
				GCC_C_LANGUAGE_STANDARD = gnu99;
				GCC_NO_COMMON_BLOCKS = YES;
				GCC_WARN_64_TO_32_BIT_CONVERSION = YES;
				GCC_WARN_ABOUT_RETURN_TYPE = YES_ERROR;
				GCC_WARN_UNDECLARED_SELECTOR = YES;
				GCC_WARN_UNINITIALIZED_AUTOS = YES_AGGRESSIVE;
				GCC_WARN_UNUSED_FUNCTION = YES;
				GCC_WARN_UNUSED_VARIABLE = YES;
				MACOSX_DEPLOYMENT_TARGET = 10.12;
				MTL_ENABLE_DEBUG_INFO = NO;
				SDKROOT = macosx;
				SWIFT_OPTIMIZATION_LEVEL = "-Owholemodule";
			};
			name = Release;
		};
		BE13FBEA1DDD17C70041FCFF /* Debug */ = {
			isa = XCBuildConfiguration;
			buildSettings = {
				ASSETCATALOG_COMPILER_APPICON_NAME = AppIcon;
				CLANG_ENABLE_MODULES = YES;
				CLANG_WARN_DOCUMENTATION_COMMENTS = NO;
				CODE_SIGN_IDENTITY = "Mac Developer";
				COMBINE_HIDPI_IMAGES = YES;
				DEVELOPMENT_TEAM = UD3V83TPY7;
				HEADER_SEARCH_PATHS = /usr/local/include;
				INFOPLIST_FILE = azul4d/Info.plist;
				LD_RUNPATH_SEARCH_PATHS = "$(inherited) @executable_path/../Frameworks";
				LIBRARY_SEARCH_PATHS = (
					"$(inherited)",
					/usr/local/Cellar/boost/1.62.0/lib,
					/usr/local/Cellar/cgal/4.9/lib,
					/usr/local/Cellar/gmp/6.1.1/lib,
					/usr/local/Cellar/mpfr/3.1.5/lib,
				);
				PRODUCT_BUNDLE_IDENTIFIER = tudelft3d.azul4d;
				PRODUCT_NAME = "$(TARGET_NAME)";
				SWIFT_OBJC_BRIDGING_HEADER = "azul4d/azul4d-Bridging-Header.h";
				SWIFT_OPTIMIZATION_LEVEL = "-Onone";
				SWIFT_VERSION = 3.0;
			};
			name = Debug;
		};
		BE13FBEB1DDD17C70041FCFF /* Release */ = {
			isa = XCBuildConfiguration;
			buildSettings = {
				ASSETCATALOG_COMPILER_APPICON_NAME = AppIcon;
				CLANG_ENABLE_MODULES = YES;
				CLANG_WARN_DOCUMENTATION_COMMENTS = NO;
				CODE_SIGN_IDENTITY = "Mac Developer";
				COMBINE_HIDPI_IMAGES = YES;
				DEVELOPMENT_TEAM = UD3V83TPY7;
				HEADER_SEARCH_PATHS = /usr/local/include;
				INFOPLIST_FILE = azul4d/Info.plist;
				LD_RUNPATH_SEARCH_PATHS = "$(inherited) @executable_path/../Frameworks";
				LIBRARY_SEARCH_PATHS = (
					"$(inherited)",
					/usr/local/Cellar/boost/1.62.0/lib,
					/usr/local/Cellar/cgal/4.9/lib,
					/usr/local/Cellar/gmp/6.1.1/lib,
					/usr/local/Cellar/mpfr/3.1.5/lib,
				);
				PRODUCT_BUNDLE_IDENTIFIER = tudelft3d.azul4d;
				PRODUCT_NAME = "$(TARGET_NAME)";
				SWIFT_OBJC_BRIDGING_HEADER = "azul4d/azul4d-Bridging-Header.h";
				SWIFT_VERSION = 3.0;
			};
			name = Release;
		};
/* End XCBuildConfiguration section */

/* Begin XCConfigurationList section */
		BE13FBD71DDD17C70041FCFF /* Build configuration list for PBXProject "azul4d" */ = {
			isa = XCConfigurationList;
			buildConfigurations = (
				BE13FBE71DDD17C70041FCFF /* Debug */,
				BE13FBE81DDD17C70041FCFF /* Release */,
			);
			defaultConfigurationIsVisible = 0;
			defaultConfigurationName = Release;
		};
		BE13FBE91DDD17C70041FCFF /* Build configuration list for PBXNativeTarget "azul4d" */ = {
			isa = XCConfigurationList;
			buildConfigurations = (
				BE13FBEA1DDD17C70041FCFF /* Debug */,
				BE13FBEB1DDD17C70041FCFF /* Release */,
			);
			defaultConfigurationIsVisible = 0;
			defaultConfigurationName = Release;
		};
/* End XCConfigurationList section */
	};
	rootObject = BE13FBD41DDD17C70041FCFF /* Project object */;
}
